
Microsoft Visual Studio Solution File, Format Version 12.00
# Visual Studio 14
VisualStudioVersion = 14.0.24720.0
MinimumVisualStudioVersion = 10.0.40219.1
Project("{FAE04EC0-301F-11D3-BF4B-00C04F79EFBC}") = "Goji", "Goji\Goji.csproj", "{F1E6BF72-6949-41B0-992F-0384D7539EA1}"
EndProject
Project("{FAE04EC0-301F-11D3-BF4B-00C04F79EFBC}") = "Goji.TestApp", "Goji.TestApp\Goji.TestApp.csproj", "{3FAE2784-B9BC-412E-A00F-F54E401F00BF}"
EndProject
Project("{2150E333-8FDC-42A3-9474-1A3956D46DE8}") = "Solution Items", "Solution Items", "{E2765C4A-E087-49A3-BE60-3A6B0A7E9DE8}"
	ProjectSection(SolutionItems) = preProject
		.gitattributes = .gitattributes
		.gitignore = .gitignore
		LICENSE = LICENSE
		README.md = README.md
	EndProjectSection
EndProject
Project("{2150E333-8FDC-42A3-9474-1A3956D46DE8}") = "doc", "doc", "{5928111F-F1FF-4984-A350-2EC336FE7294}"
EndProject
Project("{2150E333-8FDC-42A3-9474-1A3956D46DE8}") = "pics", "pics", "{F4D3714B-3D7F-4376-BA64-647917977F8B}"
	ProjectSection(SolutionItems) = preProject
		doc\pics\ApplicationLanguage.PNG = doc\pics\ApplicationLanguage.PNG
		doc\pics\install_nuget_package.JPG = doc\pics\install_nuget_package.JPG
	EndProjectSection
EndProject
Project("{2150E333-8FDC-42A3-9474-1A3956D46DE8}") = "AppVeyor", "AppVeyor", "{B0DB3E2E-D6CC-4995-81D9-4A7380C2F359}"
	ProjectSection(SolutionItems) = preProject
		AppVeyor\Goji.nuspec = AppVeyor\Goji.nuspec
		AppVeyor\nuget.exe = AppVeyor\nuget.exe
		AppVeyor\PackNuGetPackage.ps1 = AppVeyor\PackNuGetPackage.ps1
		AppVeyor\UpdateBuildVersion.ps1 = AppVeyor\UpdateBuildVersion.ps1
	EndProjectSection
EndProject
Global
	GlobalSection(SolutionConfigurationPlatforms) = preSolution
		Debug|Any CPU = Debug|Any CPU
		Release|Any CPU = Release|Any CPU
	EndGlobalSection
	GlobalSection(ProjectConfigurationPlatforms) = postSolution
		{F1E6BF72-6949-41B0-992F-0384D7539EA1}.Debug|Any CPU.ActiveCfg = Debug|Any CPU
		{F1E6BF72-6949-41B0-992F-0384D7539EA1}.Debug|Any CPU.Build.0 = Debug|Any CPU
		{F1E6BF72-6949-41B0-992F-0384D7539EA1}.Release|Any CPU.ActiveCfg = Release|Any CPU
		{F1E6BF72-6949-41B0-992F-0384D7539EA1}.Release|Any CPU.Build.0 = Release|Any CPU
		{3FAE2784-B9BC-412E-A00F-F54E401F00BF}.Debug|Any CPU.ActiveCfg = Debug|Any CPU
		{3FAE2784-B9BC-412E-A00F-F54E401F00BF}.Debug|Any CPU.Build.0 = Debug|Any CPU
		{3FAE2784-B9BC-412E-A00F-F54E401F00BF}.Release|Any CPU.ActiveCfg = Release|Any CPU
		{3FAE2784-B9BC-412E-A00F-F54E401F00BF}.Release|Any CPU.Build.0 = Release|Any CPU
	EndGlobalSection
	GlobalSection(SolutionProperties) = preSolution
		HideSolutionNode = FALSE
	EndGlobalSection
	GlobalSection(NestedProjects) = preSolution
		{F4D3714B-3D7F-4376-BA64-647917977F8B} = {5928111F-F1FF-4984-A350-2EC336FE7294}
	EndGlobalSection
EndGlobal
